
Microsoft Visual Studio Solution File, Format Version 12.00
# Visual Studio 15
VisualStudioVersion = 15.0.28307.779
MinimumVisualStudioVersion = 10.0.40219.1
Project("{888888A0-9F3D-457C-B088-3A5042F75D52}") = "Парсинг", "Парсинг\Парсинг.pyproj", "{052A8A0D-AF24-4285-9261-6F3103201D5A}"
EndProject
Global
	GlobalSection(SolutionConfigurationPlatforms) = preSolution
		Debug|Any CPU = Debug|Any CPU
		Release|Any CPU = Release|Any CPU
	EndGlobalSection
	GlobalSection(ProjectConfigurationPlatforms) = postSolution
		{052A8A0D-AF24-4285-9261-6F3103201D5A}.Debug|Any CPU.ActiveCfg = Debug|Any CPU
		{052A8A0D-AF24-4285-9261-6F3103201D5A}.Release|Any CPU.ActiveCfg = Release|Any CPU
	EndGlobalSection
	GlobalSection(SolutionProperties) = preSolution
		HideSolutionNode = FALSE
	EndGlobalSection
	GlobalSection(ExtensibilityGlobals) = postSolution
		SolutionGuid = {A1B142CE-5979-4508-A98C-87229ECB4D10}
	EndGlobalSection
EndGlobal
